
Microsoft Visual Studio Solution File, Format Version 12.00
# Visual Studio Version 16
VisualStudioVersion = 16.0.30611.23
MinimumVisualStudioVersion = 10.0.40219.1
Project("{FAE04EC0-301F-11D3-BF4B-00C04F79EFBC}") = "SerialPlotter", "SerialPlotter\SerialPlotter.csproj", "{FEE012A3-F74C-4B32-9463-E2AB331B25FE}"
EndProject
Global
	GlobalSection(SolutionConfigurationPlatforms) = preSolution
		Debug|Any CPU = Debug|Any CPU
		Release|Any CPU = Release|Any CPU
	EndGlobalSection
	GlobalSection(ProjectConfigurationPlatforms) = postSolution
		{FEE012A3-F74C-4B32-9463-E2AB331B25FE}.Debug|Any CPU.ActiveCfg = Debug|Any CPU
		{FEE012A3-F74C-4B32-9463-E2AB331B25FE}.Debug|Any CPU.Build.0 = Debug|Any CPU
		{FEE012A3-F74C-4B32-9463-E2AB331B25FE}.Release|Any CPU.ActiveCfg = Release|Any CPU
		{FEE012A3-F74C-4B32-9463-E2AB331B25FE}.Release|Any CPU.Build.0 = Release|Any CPU
	EndGlobalSection
	GlobalSection(SolutionProperties) = preSolution
		HideSolutionNode = FALSE
	EndGlobalSection
	GlobalSection(ExtensibilityGlobals) = postSolution
		SolutionGuid = {D5F0A8DD-0FAC-45FB-AB0B-BD6E08A19638}
	EndGlobalSection
EndGlobal
